<?xml version="1.0" encoding="utf-8"?>
<Project ToolsVersion="4.0" xmlns="http://schemas.microsoft.com/developer/msbuild/2003">
  <ItemGroup>
    <Filter Include="Source Files">
      <UniqueIdentifier>{4FC737F1-C7A5-4376-A066-2A32D752A2FF}</UniqueIdentifier>
      <Extensions>cpp;c;cc;cxx;def;odl;idl;hpj;bat;asm;asmx</Extensions>
    </Filter>
    <Filter Include="Header Files">
      <UniqueIdentifier>{93995380-89BD-4b04-88EB-625FBE52EBFB}</UniqueIdentifier>
      <Extensions>h;hpp;hxx;hm;inl;inc;xsd</Extensions>
    </Filter>
    <Filter Include="Resource Files">
      <UniqueIdentifier>{67DA6AB6-F800-4c08-8B7A-83BB121AAD01}</UniqueIdentifier>
      <Extensions>rc;ico;cur;bmp;dlg;rc2;rct;bin;rgs;gif;jpg;jpeg;jpe;resx;tiff;tif;png;wav</Extensions>
    </Filter>
  </ItemGroup>
  <ItemGroup>
    <ClCompile Include="LFBox.cpp">
      <Filter>Source Files</Filter>
    </ClCompile>
    <ClCompile Include="LFCluster.cpp">
      <Filter>Source Files</Filter>
    </ClCompile>
    <ClCompile Include="LFCommonData.cpp">
      <Filter>Source Files</Filter>
    </ClCompile>
    <ClCompile Include="LFData.cpp">
      <Filter>Source Files</Filter>
    </ClCompile>
    <ClCompile Include="LFMarketData.cpp">
      <Filter>Source Files</Filter>
    </ClCompile>
    <ClCompile Include="LFMarketModel.cpp">
      <Filter>Source Files</Filter>
    </ClCompile>
    <ClCompile Include="LFMarketState.cpp">
      <Filter>Source Files</Filter>
    </ClCompile>
    <ClCompile Include="LFMatch.cpp">
      <Filter>Source Files</Filter>
    </ClCompile>
    <ClCompile Include="LFMomentumData.cpp">
      <Filter>Source Files</Filter>
    </ClCompile>
    <ClCompile Include="LFPoint.cpp">
      <Filter>Source Files</Filter>
    </ClCompile>
    <ClCompile Include="LFPosition.cpp">
      <Filter>Source Files</Filter>
    </ClCompile>
    <ClCompile Include="LFSide.cpp">
      <Filter>Source Files</Filter>
    </ClCompile>
    <ClCompile Include="LFSignal.cpp">
      <Filter>Source Files</Filter>
    </ClCompile>
    <ClCompile Include="LFStrategy.cpp">
      <Filter>Source Files</Filter>
    </ClCompile>
    <ClCompile Include="LFTeaser.cpp">
      <Filter>Source Files</Filter>
    </ClCompile>
    <ClCompile Include="spearman.cpp">
      <Filter>Source Files</Filter>
    </ClCompile>
    <ClCompile Include="LFSignal_HighLow.cpp">
      <Filter>Source Files</Filter>
    </ClCompile>
    <ClCompile Include="LFPointStore.cpp">
      <Filter>Source Files</Filter>
    </ClCompile>
    <ClCompile Include="LFScopeStore.cpp">
      <Filter>Source Files</Filter>
    </ClCompile>
    <ClCompile Include="LFSignal_LCY.cpp">
      <Filter>Source Files</Filter>
    </ClCompile>
  </ItemGroup>
  <ItemGroup>
    <ClInclude Include="LEAF_Export.h">
      <Filter>Header Files</Filter>
    </ClInclude>
    <ClInclude Include="LFBox.h">
      <Filter>Header Files</Filter>
    </ClInclude>
    <ClInclude Include="LFCluster.h">
      <Filter>Header Files</Filter>
    </ClInclude>
    <ClInclude Include="LFCommonData.h">
      <Filter>Header Files</Filter>
    </ClInclude>
    <ClInclude Include="LFData.h">
      <Filter>Header Files</Filter>
    </ClInclude>
    <ClInclude Include="LFMarketData.h">
      <Filter>Header Files</Filter>
    </ClInclude>
    <ClInclude Include="LFMarketModel.h">
      <Filter>Header Files</Filter>
    </ClInclude>
    <ClInclude Include="LFMarketState.h">
      <Filter>Header Files</Filter>
    </ClInclude>
    <ClInclude Include="LFMatch.h">
      <Filter>Header Files</Filter>
    </ClInclude>
    <ClInclude Include="LFMomentumData.h">
      <Filter>Header Files</Filter>
    </ClInclude>
    <ClInclude Include="LFPoint.h">
      <Filter>Header Files</Filter>
    </ClInclude>
    <ClInclude Include="LFPosition.h">
      <Filter>Header Files</Filter>
    </ClInclude>
    <ClInclude Include="LFSide.h">
      <Filter>Header Files</Filter>
    </ClInclude>
    <ClInclude Include="LFSignal.h">
      <Filter>Header Files</Filter>
    </ClInclude>
    <ClInclude Include="LFStrategy.h">
      <Filter>Header Files</Filter>
    </ClInclude>
    <ClInclude Include="LFTeaser.h">
      <Filter>Header Files</Filter>
    </ClInclude>
    <ClInclude Include="spearman.h">
      <Filter>Header Files</Filter>
    </ClInclude>
    <ClInclude Include="gsl_stats_spearman.h">
      <Filter>Header Files</Filter>
    </ClInclude>
    <ClInclude Include="LFSignal_HighLow.h">
      <Filter>Header Files</Filter>
    </ClInclude>
    <ClInclude Include="Version.h">
      <Filter>Header Files</Filter>
    </ClInclude>
    <ClInclude Include="LFPointStore.h">
      <Filter>Header Files</Filter>
    </ClInclude>
    <ClInclude Include="LFScopeStore.h">
      <Filter>Header Files</Filter>
    </ClInclude>
    <ClInclude Include="LFSignal_LCY.h">
      <Filter>Header Files</Filter>
    </ClInclude>
  </ItemGroup>
</Project>